PODS:
  - Flutter (1.0.0)
  - flutter_foreground_task (0.0.1):
    - Flutter

DEPENDENCIES:
  - Flutter (from `Flutter`)
  - flutter_foreground_task (from `.symlinks/plugins/flutter_foreground_task/ios`)

EXTERNAL SOURCES:
  Flutter:
    :path: Flutter
  flutter_foreground_task:
    :path: ".symlinks/plugins/flutter_foreground_task/ios"

SPEC CHECKSUMS:
  Flutter: cabc95a1d2626b1b06e7179b784ebcf0c0cde467
  flutter_foreground_task: a159d2c2173b33699ddb3e6c2a067045d7cebb89

PODFILE CHECKSUM: e42b502c78c33aa1ed9d42eaea8960ce2139504b

COCOAPODS: 1.16.2
